
Microsoft Visual Studio Solution File, Format Version 12.00
# Visual Studio Version 16
VisualStudioVersion = 16.0.34601.136
MinimumVisualStudioVersion = 10.0.40219.1
Project("{FAE04EC0-301F-11D3-BF4B-00C04F79EFBC}") = "YemekTarifiSitesi", "YemekTarifiSitesi\YemekTarifiSitesi.csproj", "{E5A8710D-3BE8-43F4-94F2-AC613CB7CFED}"
EndProject
Global
	GlobalSection(SolutionConfigurationPlatforms) = preSolution
		Debug|Any CPU = Debug|Any CPU
		Release|Any CPU = Release|Any CPU
	EndGlobalSection
	GlobalSection(ProjectConfigurationPlatforms) = postSolution
		{E5A8710D-3BE8-43F4-94F2-AC613CB7CFED}.Debug|Any CPU.ActiveCfg = Debug|Any CPU
		{E5A8710D-3BE8-43F4-94F2-AC613CB7CFED}.Debug|Any CPU.Build.0 = Debug|Any CPU
		{E5A8710D-3BE8-43F4-94F2-AC613CB7CFED}.Release|Any CPU.ActiveCfg = Release|Any CPU
		{E5A8710D-3BE8-43F4-94F2-AC613CB7CFED}.Release|Any CPU.Build.0 = Release|Any CPU
	EndGlobalSection
	GlobalSection(SolutionProperties) = preSolution
		HideSolutionNode = FALSE
	EndGlobalSection
	GlobalSection(ExtensibilityGlobals) = postSolution
		SolutionGuid = {791B6E81-AFED-4F63-85D3-0A04B7FB24EC}
	EndGlobalSection
EndGlobal
